
Microsoft Visual Studio Solution File, Format Version 12.00
# Visual Studio Version 17
VisualStudioVersion = 17.9.34728.123
MinimumVisualStudioVersion = 10.0.40219.1
Project("{FAE04EC0-301F-11D3-BF4B-00C04F79EFBC}") = "AgriculturePresentation", "AgriculturePresentation\AgriculturePresentation.csproj", "{3492A346-2D4D-4D39-8C7B-C428E37FD1B3}"
EndProject
Project("{FAE04EC0-301F-11D3-BF4B-00C04F79EFBC}") = "EntityLayer", "EntityLayer\EntityLayer.csproj", "{60276F18-E0CC-4F52-AC0F-A2CDCD7E517C}"
EndProject
Project("{FAE04EC0-301F-11D3-BF4B-00C04F79EFBC}") = "DataAccsessLayer", "DataAccsessLayer\DataAccsessLayer.csproj", "{A5EE4450-7F66-4C40-B89A-8E40C4AF9D41}"
EndProject
Project("{FAE04EC0-301F-11D3-BF4B-00C04F79EFBC}") = "BusinessLayer", "BusinessLayer\BusinessLayer.csproj", "{105932FD-15A4-4B2C-9F3C-C4743B702D35}"
EndProject
Global
	GlobalSection(SolutionConfigurationPlatforms) = preSolution
		Debug|Any CPU = Debug|Any CPU
		Release|Any CPU = Release|Any CPU
	EndGlobalSection
	GlobalSection(ProjectConfigurationPlatforms) = postSolution
		{3492A346-2D4D-4D39-8C7B-C428E37FD1B3}.Debug|Any CPU.ActiveCfg = Debug|Any CPU
		{3492A346-2D4D-4D39-8C7B-C428E37FD1B3}.Debug|Any CPU.Build.0 = Debug|Any CPU
		{3492A346-2D4D-4D39-8C7B-C428E37FD1B3}.Release|Any CPU.ActiveCfg = Release|Any CPU
		{3492A346-2D4D-4D39-8C7B-C428E37FD1B3}.Release|Any CPU.Build.0 = Release|Any CPU
		{60276F18-E0CC-4F52-AC0F-A2CDCD7E517C}.Debug|Any CPU.ActiveCfg = Debug|Any CPU
		{60276F18-E0CC-4F52-AC0F-A2CDCD7E517C}.Debug|Any CPU.Build.0 = Debug|Any CPU
		{60276F18-E0CC-4F52-AC0F-A2CDCD7E517C}.Release|Any CPU.ActiveCfg = Release|Any CPU
		{60276F18-E0CC-4F52-AC0F-A2CDCD7E517C}.Release|Any CPU.Build.0 = Release|Any CPU
		{A5EE4450-7F66-4C40-B89A-8E40C4AF9D41}.Debug|Any CPU.ActiveCfg = Debug|Any CPU
		{A5EE4450-7F66-4C40-B89A-8E40C4AF9D41}.Debug|Any CPU.Build.0 = Debug|Any CPU
		{A5EE4450-7F66-4C40-B89A-8E40C4AF9D41}.Release|Any CPU.ActiveCfg = Release|Any CPU
		{A5EE4450-7F66-4C40-B89A-8E40C4AF9D41}.Release|Any CPU.Build.0 = Release|Any CPU
		{105932FD-15A4-4B2C-9F3C-C4743B702D35}.Debug|Any CPU.ActiveCfg = Debug|Any CPU
		{105932FD-15A4-4B2C-9F3C-C4743B702D35}.Debug|Any CPU.Build.0 = Debug|Any CPU
		{105932FD-15A4-4B2C-9F3C-C4743B702D35}.Release|Any CPU.ActiveCfg = Release|Any CPU
		{105932FD-15A4-4B2C-9F3C-C4743B702D35}.Release|Any CPU.Build.0 = Release|Any CPU
	EndGlobalSection
	GlobalSection(SolutionProperties) = preSolution
		HideSolutionNode = FALSE
	EndGlobalSection
	GlobalSection(ExtensibilityGlobals) = postSolution
		SolutionGuid = {BD338813-5E21-40F3-96A5-248E94A24FAF}
	EndGlobalSection
EndGlobal
